
Microsoft Visual Studio Solution File, Format Version 10.00
# Visual Studio 2008
Project("{FAE04EC0-301F-11D3-BF4B-00C04F79EFBC}") = "HermesWebServiceClient", "HermesWebServiceClient\HermesWebServiceClient.csproj", "{4A66E3C0-0AF7-4183-89AC-DB719AF22A64}"
EndProject
Project("{54435603-DBB4-11D2-8724-00A0C9A8B90C}") = "Setup", "Setup\Setup.vdproj", "{9FFCD91A-D39B-4444-A832-6D01B7460802}"
EndProject
Global
	GlobalSection(SolutionConfigurationPlatforms) = preSolution
		Debug|Any CPU = Debug|Any CPU
		Release|Any CPU = Release|Any CPU
	EndGlobalSection
	GlobalSection(ProjectConfigurationPlatforms) = postSolution
		{4A66E3C0-0AF7-4183-89AC-DB719AF22A64}.Debug|Any CPU.ActiveCfg = Debug|Any CPU
		{4A66E3C0-0AF7-4183-89AC-DB719AF22A64}.Debug|Any CPU.Build.0 = Debug|Any CPU
		{4A66E3C0-0AF7-4183-89AC-DB719AF22A64}.Release|Any CPU.ActiveCfg = Release|Any CPU
		{4A66E3C0-0AF7-4183-89AC-DB719AF22A64}.Release|Any CPU.Build.0 = Release|Any CPU
		{9FFCD91A-D39B-4444-A832-6D01B7460802}.Debug|Any CPU.ActiveCfg = Debug
		{9FFCD91A-D39B-4444-A832-6D01B7460802}.Release|Any CPU.ActiveCfg = Release
	EndGlobalSection
	GlobalSection(SolutionProperties) = preSolution
		HideSolutionNode = FALSE
	EndGlobalSection
EndGlobal
